
Microsoft Visual Studio Solution File, Format Version 12.00
# Visual Studio Version 17
VisualStudioVersion = 17.9.34622.214
MinimumVisualStudioVersion = 10.0.40219.1
Project("{FAE04EC0-301F-11D3-BF4B-00C04F79EFBC}") = "Mine", "Mine.csproj", "{BABA8DC9-168E-4FFD-97BE-2CD81AE000B4}"
EndProject
Global
	GlobalSection(SolutionConfigurationPlatforms) = preSolution
		Debug|Any CPU = Debug|Any CPU
		Release|Any CPU = Release|Any CPU
	EndGlobalSection
	GlobalSection(ProjectConfigurationPlatforms) = postSolution
		{BABA8DC9-168E-4FFD-97BE-2CD81AE000B4}.Debug|Any CPU.ActiveCfg = Debug|Any CPU
		{BABA8DC9-168E-4FFD-97BE-2CD81AE000B4}.Debug|Any CPU.Build.0 = Debug|Any CPU
		{BABA8DC9-168E-4FFD-97BE-2CD81AE000B4}.Release|Any CPU.ActiveCfg = Release|Any CPU
		{BABA8DC9-168E-4FFD-97BE-2CD81AE000B4}.Release|Any CPU.Build.0 = Release|Any CPU
	EndGlobalSection
	GlobalSection(SolutionProperties) = preSolution
		HideSolutionNode = FALSE
	EndGlobalSection
	GlobalSection(ExtensibilityGlobals) = postSolution
		SolutionGuid = {D2FDCCB2-0556-4BFF-8421-15B81A40AB33}
	EndGlobalSection
EndGlobal
